
Microsoft Visual Studio Solution File, Format Version 12.00
# Visual Studio Version 17
VisualStudioVersion = 17.9.34728.123
MinimumVisualStudioVersion = 10.0.40219.1
Project("{9A19103F-16F7-4668-BE54-9A1E7A4F7556}") = "TheStarRaider", "TheStarRaider.csproj", "{6ACD9CA9-9EAD-4631-B80F-10F525BEE98E}"
EndProject
Global
	GlobalSection(SolutionConfigurationPlatforms) = preSolution
		Debug|Any CPU = Debug|Any CPU
		Release|Any CPU = Release|Any CPU
	EndGlobalSection
	GlobalSection(ProjectConfigurationPlatforms) = postSolution
		{6ACD9CA9-9EAD-4631-B80F-10F525BEE98E}.Debug|Any CPU.ActiveCfg = Debug|Any CPU
		{6ACD9CA9-9EAD-4631-B80F-10F525BEE98E}.Debug|Any CPU.Build.0 = Debug|Any CPU
		{6ACD9CA9-9EAD-4631-B80F-10F525BEE98E}.Release|Any CPU.ActiveCfg = Release|Any CPU
		{6ACD9CA9-9EAD-4631-B80F-10F525BEE98E}.Release|Any CPU.Build.0 = Release|Any CPU
	EndGlobalSection
	GlobalSection(SolutionProperties) = preSolution
		HideSolutionNode = FALSE
	EndGlobalSection
	GlobalSection(ExtensibilityGlobals) = postSolution
		SolutionGuid = {E232FD0D-3798-48BE-A836-A2138B03816D}
	EndGlobalSection
EndGlobal
